// !$*UTF8*$!
{
	archiveVersion = 1;
	classes = {
	};
	objectVersion = 77;
	objects = {

/* Begin PBXBuildFile section */
		460702A52D7B61D90012385A /* StoreKit.framework in Frameworks */ = {isa = PBXBuildFile; fileRef = 460702A42D7B61D90012385A /* StoreKit.framework */; };
		46F84CFA2D7F53AF00D67E89 /* Assets.xcassets in Resources */ = {isa = PBXBuildFile; fileRef = 46F84C892D7F53AF00D67E89 /* Assets.xcassets */; };
/* End PBXBuildFile section */

/* Begin PBXContainerItemProxy section */
		460701E42D7630EA0012385A /* PBXContainerItemProxy */ = {
			isa = PBXContainerItemProxy;
			containerPortal = 460701CB2D7630E60012385A /* Project object */;
			proxyType = 1;
			remoteGlobalIDString = 460701D22D7630E60012385A;
			remoteInfo = TripCraft;
		};
		460701EE2D7630EA0012385A /* PBXContainerItemProxy */ = {
			isa = PBXContainerItemProxy;
			containerPortal = 460701CB2D7630E60012385A /* Project object */;
			proxyType = 1;
			remoteGlobalIDString = 460701D22D7630E60012385A;
			remoteInfo = TripCraft;
		};
/* End PBXContainerItemProxy section */

/* Begin PBXFileReference section */
		460701D32D7630E60012385A /* TripCraft.app */ = {isa = PBXFileReference; explicitFileType = wrapper.application; includeInIndex = 0; path = TripCraft.app; sourceTree = BUILT_PRODUCTS_DIR; };
		460701E32D7630EA0012385A /* TripCraftTests.xctest */ = {isa = PBXFileReference; explicitFileType = wrapper.cfbundle; includeInIndex = 0; path = TripCraftTests.xctest; sourceTree = BUILT_PRODUCTS_DIR; };
		460701ED2D7630EA0012385A /* TripCraftUITests.xctest */ = {isa = PBXFileReference; explicitFileType = wrapper.cfbundle; includeInIndex = 0; path = TripCraftUITests.xctest; sourceTree = BUILT_PRODUCTS_DIR; };
		460702A42D7B61D90012385A /* StoreKit.framework */ = {isa = PBXFileReference; lastKnownFileType = wrapper.framework; name = StoreKit.framework; path = System/Library/Frameworks/StoreKit.framework; sourceTree = SDKROOT; };
		46F84C892D7F53AF00D67E89 /* Assets.xcassets */ = {isa = PBXFileReference; lastKnownFileType = folder.assetcatalog; path = Assets.xcassets; sourceTree = "<group>"; };
/* End PBXFileReference section */

/* Begin PBXFileSystemSynchronizedRootGroup section */
		460701D52D7630E60012385A /* TripCraft */ = {
			isa = PBXFileSystemSynchronizedRootGroup;
			path = TripCraft;
			sourceTree = "<group>";
		};
		460701E62D7630EA0012385A /* TripCraftTests */ = {
			isa = PBXFileSystemSynchronizedRootGroup;
			path = TripCraftTests;
			sourceTree = "<group>";
		};
		460701F02D7630EA0012385A /* TripCraftUITests */ = {
			isa = PBXFileSystemSynchronizedRootGroup;
			path = TripCraftUITests;
			sourceTree = "<group>";
		};
/* End PBXFileSystemSynchronizedRootGroup section */

/* Begin PBXFrameworksBuildPhase section */
		460701D02D7630E60012385A /* Frameworks */ = {
			isa = PBXFrameworksBuildPhase;
			buildActionMask = 2147483647;
			files = (
				460702A52D7B61D90012385A /* StoreKit.framework in Frameworks */,
			);
			runOnlyForDeploymentPostprocessing = 0;
		};
		460701E02D7630EA0012385A /* Frameworks */ = {
			isa = PBXFrameworksBuildPhase;
			buildActionMask = 2147483647;
			files = (
			);
			runOnlyForDeploymentPostprocessing = 0;
		};
		460701EA2D7630EA0012385A /* Frameworks */ = {
			isa = PBXFrameworksBuildPhase;
			buildActionMask = 2147483647;
			files = (
			);
			runOnlyForDeploymentPostprocessing = 0;
		};
/* End PBXFrameworksBuildPhase section */

/* Begin PBXGroup section */
		460701CA2D7630E60012385A = {
			isa = PBXGroup;
			children = (
				46F84C892D7F53AF00D67E89 /* Assets.xcassets */,
				460701D52D7630E60012385A /* TripCraft */,
				460701E62D7630EA0012385A /* TripCraftTests */,
				460701F02D7630EA0012385A /* TripCraftUITests */,
				460702A32D7B61D80012385A /* Frameworks */,
				460701D42D7630E60012385A /* Products */,
			);
			sourceTree = "<group>";
		};
		460701D42D7630E60012385A /* Products */ = {
			isa = PBXGroup;
			children = (
				460701D32D7630E60012385A /* TripCraft.app */,
				460701E32D7630EA0012385A /* TripCraftTests.xctest */,
				460701ED2D7630EA0012385A /* TripCraftUITests.xctest */,
			);
			name = Products;
			sourceTree = "<group>";
		};
		460702A32D7B61D80012385A /* Frameworks */ = {
			isa = PBXGroup;
			children = (
				460702A42D7B61D90012385A /* StoreKit.framework */,
			);
			name = Frameworks;
			sourceTree = "<group>";
		};
/* End PBXGroup section */

/* Begin PBXNativeTarget section */
		460701D22D7630E60012385A /* TripCraft */ = {
			isa = PBXNativeTarget;
			buildConfigurationList = 460701F72D7630EA0012385A /* Build configuration list for PBXNativeTarget "TripCraft" */;
			buildPhases = (
				460701CF2D7630E60012385A /* Sources */,
				460701D02D7630E60012385A /* Frameworks */,
				460701D12D7630E60012385A /* Resources */,
			);
			buildRules = (
			);
			dependencies = (
			);
			fileSystemSynchronizedGroups = (
				460701D52D7630E60012385A /* TripCraft */,
			);
			name = TripCraft;
			packageProductDependencies = (
			);
			productName = TripCraft;
			productReference = 460701D32D7630E60012385A /* TripCraft.app */;
			productType = "com.apple.product-type.application";
		};
		460701E22D7630EA0012385A /* TripCraftTests */ = {
			isa = PBXNativeTarget;
			buildConfigurationList = 460701FA2D7630EA0012385A /* Build configuration list for PBXNativeTarget "TripCraftTests" */;
			buildPhases = (
				460701DF2D7630EA0012385A /* Sources */,
				460701E02D7630EA0012385A /* Frameworks */,
				460701E12D7630EA0012385A /* Resources */,
			);
			buildRules = (
			);
			dependencies = (
				460701E52D7630EA0012385A /* PBXTargetDependency */,
			);
			fileSystemSynchronizedGroups = (
				460701E62D7630EA0012385A /* TripCraftTests */,
			);
			name = TripCraftTests;
			packageProductDependencies = (
			);
			productName = TripCraftTests;
			productReference = 460701E32D7630EA0012385A /* TripCraftTests.xctest */;
			productType = "com.apple.product-type.bundle.unit-test";
		};
		460701EC2D7630EA0012385A /* TripCraftUITests */ = {
			isa = PBXNativeTarget;
			buildConfigurationList = 460701FD2D7630EA0012385A /* Build configuration list for PBXNativeTarget "TripCraftUITests" */;
			buildPhases = (
				460701E92D7630EA0012385A /* Sources */,
				460701EA2D7630EA0012385A /* Frameworks */,
				460701EB2D7630EA0012385A /* Resources */,
			);
			buildRules = (
			);
			dependencies = (
				460701EF2D7630EA0012385A /* PBXTargetDependency */,
			);
			fileSystemSynchronizedGroups = (
				460701F02D7630EA0012385A /* TripCraftUITests */,
			);
			name = TripCraftUITests;
			packageProductDependencies = (
			);
			productName = TripCraftUITests;
			productReference = 460701ED2D7630EA0012385A /* TripCraftUITests.xctest */;
			productType = "com.apple.product-type.bundle.ui-testing";
		};
/* End PBXNativeTarget section */

/* Begin PBXProject section */
		460701CB2D7630E60012385A /* Project object */ = {
			isa = PBXProject;
			attributes = {
				BuildIndependentTargetsInParallel = 1;
				LastSwiftUpdateCheck = 1620;
				LastUpgradeCheck = 1620;
				TargetAttributes = {
					460701D22D7630E60012385A = {
						CreatedOnToolsVersion = 16.2;
					};
					460701E22D7630EA0012385A = {
						CreatedOnToolsVersion = 16.2;
						TestTargetID = 460701D22D7630E60012385A;
					};
					460701EC2D7630EA0012385A = {
						CreatedOnToolsVersion = 16.2;
						TestTargetID = 460701D22D7630E60012385A;
					};
				};
			};
			buildConfigurationList = 460701CE2D7630E60012385A /* Build configuration list for PBXProject "TripCraft" */;
			developmentRegion = en;
			hasScannedForEncodings = 0;
			knownRegions = (
				en,
				Base,
			);
			mainGroup = 460701CA2D7630E60012385A;
			minimizedProjectReferenceProxies = 1;
			packageReferences = (
			);
			preferredProjectObjectVersion = 77;
			productRefGroup = 460701D42D7630E60012385A /* Products */;
			projectDirPath = "";
			projectRoot = "";
			targets = (
				460701D22D7630E60012385A /* TripCraft */,
				460701E22D7630EA0012385A /* TripCraftTests */,
				460701EC2D7630EA0012385A /* TripCraftUITests */,
			);
		};
/* End PBXProject section */

/* Begin PBXResourcesBuildPhase section */
		460701D12D7630E60012385A /* Resources */ = {
			isa = PBXResourcesBuildPhase;
			buildActionMask = 2147483647;
			files = (
				46F84CFA2D7F53AF00D67E89 /* Assets.xcassets in Resources */,
			);
			runOnlyForDeploymentPostprocessing = 0;
		};
		460701E12D7630EA0012385A /* Resources */ = {
			isa = PBXResourcesBuildPhase;
			buildActionMask = 2147483647;
			files = (
			);
			runOnlyForDeploymentPostprocessing = 0;
		};
		460701EB2D7630EA0012385A /* Resources */ = {
			isa = PBXResourcesBuildPhase;
			buildActionMask = 2147483647;
			files = (
			);
			runOnlyForDeploymentPostprocessing = 0;
		};
/* End PBXResourcesBuildPhase section */

/* Begin PBXSourcesBuildPhase section */
		460701CF2D7630E60012385A /* Sources */ = {
			isa = PBXSourcesBuildPhase;
			buildActionMask = 2147483647;
			files = (
			);
			runOnlyForDeploymentPostprocessing = 0;
		};
		460701DF2D7630EA0012385A /* Sources */ = {
			isa = PBXSourcesBuildPhase;
			buildActionMask = 2147483647;
			files = (
			);
			runOnlyForDeploymentPostprocessing = 0;
		};
		460701E92D7630EA0012385A /* Sources */ = {
			isa = PBXSourcesBuildPhase;
			buildActionMask = 2147483647;
			files = (
			);
			runOnlyForDeploymentPostprocessing = 0;
		};
/* End PBXSourcesBuildPhase section */

/* Begin PBXTargetDependency section */
		460701E52D7630EA0012385A /* PBXTargetDependency */ = {
			isa = PBXTargetDependency;
			target = 460701D22D7630E60012385A /* TripCraft */;
			targetProxy = 460701E42D7630EA0012385A /* PBXContainerItemProxy */;
		};
		460701EF2D7630EA0012385A /* PBXTargetDependency */ = {
			isa = PBXTargetDependency;
			target = 460701D22D7630E60012385A /* TripCraft */;
			targetProxy = 460701EE2D7630EA0012385A /* PBXContainerItemProxy */;
		};
/* End PBXTargetDependency section */

/* Begin XCBuildConfiguration section */
		460701F52D7630EA0012385A /* Debug */ = {
			isa = XCBuildConfiguration;
			buildSettings = {
				ALWAYS_SEARCH_USER_PATHS = NO;
				ASSETCATALOG_COMPILER_GENERATE_SWIFT_ASSET_SYMBOL_EXTENSIONS = YES;
				CLANG_ANALYZER_NONNULL = YES;
				CLANG_ANALYZER_NUMBER_OBJECT_CONVERSION = YES_AGGRESSIVE;
				CLANG_CXX_LANGUAGE_STANDARD = "gnu++20";
				CLANG_ENABLE_MODULES = YES;
				CLANG_ENABLE_OBJC_ARC = YES;
				CLANG_ENABLE_OBJC_WEAK = YES;
				CLANG_WARN_BLOCK_CAPTURE_AUTORELEASING = YES;
				CLANG_WARN_BOOL_CONVERSION = YES;
				CLANG_WARN_COMMA = YES;
				CLANG_WARN_CONSTANT_CONVERSION = YES;
				CLANG_WARN_DEPRECATED_OBJC_IMPLEMENTATIONS = YES;
				CLANG_WARN_DIRECT_OBJC_ISA_USAGE = YES_ERROR;
				CLANG_WARN_DOCUMENTATION_COMMENTS = YES;
				CLANG_WARN_EMPTY_BODY = YES;
				CLANG_WARN_ENUM_CONVERSION = YES;
				CLANG_WARN_INFINITE_RECURSION = YES;
				CLANG_WARN_INT_CONVERSION = YES;
				CLANG_WARN_NON_LITERAL_NULL_CONVERSION = YES;
				CLANG_WARN_OBJC_IMPLICIT_RETAIN_SELF = YES;
				CLANG_WARN_OBJC_LITERAL_CONVERSION = YES;
				CLANG_WARN_OBJC_ROOT_CLASS = YES_ERROR;
				CLANG_WARN_QUOTED_INCLUDE_IN_FRAMEWORK_HEADER = YES;
				CLANG_WARN_RANGE_LOOP_ANALYSIS = YES;
				CLANG_WARN_STRICT_PROTOTYPES = YES;
				CLANG_WARN_SUSPICIOUS_MOVE = YES;
				CLANG_WARN_UNGUARDED_AVAILABILITY = YES_AGGRESSIVE;
				CLANG_WARN_UNREACHABLE_CODE = YES;
				CLANG_WARN__DUPLICATE_METHOD_MATCH = YES;
				COPY_PHASE_STRIP = NO;
				DEBUG_INFORMATION_FORMAT = dwarf;
				ENABLE_STRICT_OBJC_MSGSEND = YES;
				ENABLE_TESTABILITY = YES;
				ENABLE_USER_SCRIPT_SANDBOXING = YES;
				GCC_C_LANGUAGE_STANDARD = gnu17;
				GCC_DYNAMIC_NO_PIC = NO;
				GCC_NO_COMMON_BLOCKS = YES;
				GCC_OPTIMIZATION_LEVEL = 0;
				GCC_PREPROCESSOR_DEFINITIONS = (
					"DEBUG=1",
					"$(inherited)",
				);
				GCC_WARN_64_TO_32_BIT_CONVERSION = YES;
				GCC_WARN_ABOUT_RETURN_TYPE = YES_ERROR;
				GCC_WARN_UNDECLARED_SELECTOR = YES;
				GCC_WARN_UNINITIALIZED_AUTOS = YES_AGGRESSIVE;
				GCC_WARN_UNUSED_FUNCTION = YES;
				GCC_WARN_UNUSED_VARIABLE = YES;
				IPHONEOS_DEPLOYMENT_TARGET = 18.2;
				LOCALIZATION_PREFERS_STRING_CATALOGS = YES;
				MTL_ENABLE_DEBUG_INFO = INCLUDE_SOURCE;
				MTL_FAST_MATH = YES;
				ONLY_ACTIVE_ARCH = YES;
				SDKROOT = iphoneos;
				SWIFT_ACTIVE_COMPILATION_CONDITIONS = "DEBUG $(inherited)";
				SWIFT_OPTIMIZATION_LEVEL = "-Onone";
			};
			name = Debug;
		};
		460701F62D7630EA0012385A /* Release */ = {
			isa = XCBuildConfiguration;
			buildSettings = {
				ALWAYS_SEARCH_USER_PATHS = NO;
				ASSETCATALOG_COMPILER_GENERATE_SWIFT_ASSET_SYMBOL_EXTENSIONS = YES;
				CLANG_ANALYZER_NONNULL = YES;
				CLANG_ANALYZER_NUMBER_OBJECT_CONVERSION = YES_AGGRESSIVE;
				CLANG_CXX_LANGUAGE_STANDARD = "gnu++20";
				CLANG_ENABLE_MODULES = YES;
				CLANG_ENABLE_OBJC_ARC = YES;
				CLANG_ENABLE_OBJC_WEAK = YES;
				CLANG_WARN_BLOCK_CAPTURE_AUTORELEASING = YES;
				CLANG_WARN_BOOL_CONVERSION = YES;
				CLANG_WARN_COMMA = YES;
				CLANG_WARN_CONSTANT_CONVERSION = YES;
				CLANG_WARN_DEPRECATED_OBJC_IMPLEMENTATIONS = YES;
				CLANG_WARN_DIRECT_OBJC_ISA_USAGE = YES_ERROR;
				CLANG_WARN_DOCUMENTATION_COMMENTS = YES;
				CLANG_WARN_EMPTY_BODY = YES;
				CLANG_WARN_ENUM_CONVERSION = YES;
				CLANG_WARN_INFINITE_RECURSION = YES;
				CLANG_WARN_INT_CONVERSION = YES;
				CLANG_WARN_NON_LITERAL_NULL_CONVERSION = YES;
				CLANG_WARN_OBJC_IMPLICIT_RETAIN_SELF = YES;
				CLANG_WARN_OBJC_LITERAL_CONVERSION = YES;
				CLANG_WARN_OBJC_ROOT_CLASS = YES_ERROR;
				CLANG_WARN_QUOTED_INCLUDE_IN_FRAMEWORK_HEADER = YES;
				CLANG_WARN_RANGE_LOOP_ANALYSIS = YES;
				CLANG_WARN_STRICT_PROTOTYPES = YES;
				CLANG_WARN_SUSPICIOUS_MOVE = YES;
				CLANG_WARN_UNGUARDED_AVAILABILITY = YES_AGGRESSIVE;
				CLANG_WARN_UNREACHABLE_CODE = YES;
				CLANG_WARN__DUPLICATE_METHOD_MATCH = YES;
				COPY_PHASE_STRIP = NO;
				DEBUG_INFORMATION_FORMAT = "dwarf-with-dsym";
				ENABLE_NS_ASSERTIONS = NO;
				ENABLE_STRICT_OBJC_MSGSEND = YES;
				ENABLE_USER_SCRIPT_SANDBOXING = YES;
				GCC_C_LANGUAGE_STANDARD = gnu17;
				GCC_NO_COMMON_BLOCKS = YES;
				GCC_WARN_64_TO_32_BIT_CONVERSION = YES;
				GCC_WARN_ABOUT_RETURN_TYPE = YES_ERROR;
				GCC_WARN_UNDECLARED_SELECTOR = YES;
				GCC_WARN_UNINITIALIZED_AUTOS = YES_AGGRESSIVE;
				GCC_WARN_UNUSED_FUNCTION = YES;
				GCC_WARN_UNUSED_VARIABLE = YES;
				IPHONEOS_DEPLOYMENT_TARGET = 18.2;
				LOCALIZATION_PREFERS_STRING_CATALOGS = YES;
				MTL_ENABLE_DEBUG_INFO = NO;
				MTL_FAST_MATH = YES;
				SDKROOT = iphoneos;
				SWIFT_COMPILATION_MODE = wholemodule;
				VALIDATE_PRODUCT = YES;
			};
			name = Release;
		};
		460701F82D7630EA0012385A /* Debug */ = {
			isa = XCBuildConfiguration;
			buildSettings = {
				ASSETCATALOG_COMPILER_APPICON_NAME = TripCraft;
				ASSETCATALOG_COMPILER_GLOBAL_ACCENT_COLOR_NAME = AccentColor;
				CODE_SIGN_STYLE = Automatic;
				CURRENT_PROJECT_VERSION = 1;
				DEVELOPMENT_ASSET_PATHS = "\"TripCraft/Preview Content\"";
				DEVELOPMENT_TEAM = 2AS6K82NJ8;
				DYLIB_CURRENT_VERSION = 1;
				ENABLE_PREVIEWS = YES;
				GENERATE_INFOPLIST_FILE = YES;
				INFOPLIST_FILE = "";
				INFOPLIST_KEY_CFBundleDisplayName = TripCraft;
				INFOPLIST_KEY_LSApplicationCategoryType = "public.app-category.travel";
				INFOPLIST_KEY_NSCameraUsageDescription = "TripCraft needs access to your camera to take photos for your journal entries";
				INFOPLIST_KEY_NSLocationWhenInUseUsageDescription = "TripCraft needs your location to tag your journal entries";
				INFOPLIST_KEY_NSMicrophoneUsageDescription = "TripCraft needs access to your microphone to record your voice for translation.";
				INFOPLIST_KEY_NSPhotoLibraryUsageDescription = "TripCraft needs access to your photos to add them to your journal entries";
				INFOPLIST_KEY_NSSpeechRecognitionUsageDescription = "TripCraft needs access to speech recognition to translate your spoken words into different languages.";
				INFOPLIST_KEY_UIApplicationSceneManifest_Generation = YES;
				INFOPLIST_KEY_UIApplicationSupportsIndirectInputEvents = YES;
				INFOPLIST_KEY_UILaunchScreen_Generation = YES;
				INFOPLIST_KEY_UISupportedInterfaceOrientations = UIInterfaceOrientationPortrait;
				INFOPLIST_KEY_UISupportedInterfaceOrientations_iPad = "UIInterfaceOrientationPortraitUpsideDown UIInterfaceOrientationLandscapeLeft UIInterfaceOrientationLandscapeRight UIInterfaceOrientationPortrait";
				LD_RUNPATH_SEARCH_PATHS = (
					"$(inherited)",
					"@executable_path/Frameworks",
				);
				MARKETING_VERSION = 1.0;
				PRODUCT_BUNDLE_IDENTIFIER = com.siddharthsehgal.TripCraft;
				PRODUCT_NAME = "$(TARGET_NAME)";
				SUPPORTED_PLATFORMS = "iphoneos iphonesimulator";
				SUPPORTS_MACCATALYST = NO;
				SUPPORTS_MAC_DESIGNED_FOR_IPHONE_IPAD = NO;
				SUPPORTS_XR_DESIGNED_FOR_IPHONE_IPAD = NO;
				SWIFT_EMIT_LOC_STRINGS = YES;
				SWIFT_VERSION = 5.0;
				TARGETED_DEVICE_FAMILY = 1;
			};
			name = Debug;
		};
		460701F92D7630EA0012385A /* Release */ = {
			isa = XCBuildConfiguration;
			buildSettings = {
				ASSETCATALOG_COMPILER_APPICON_NAME = TripCraft;
				ASSETCATALOG_COMPILER_GLOBAL_ACCENT_COLOR_NAME = AccentColor;
				CODE_SIGN_STYLE = Automatic;
				CURRENT_PROJECT_VERSION = 1;
				DEVELOPMENT_ASSET_PATHS = "\"TripCraft/Preview Content\"";
				DEVELOPMENT_TEAM = 2AS6K82NJ8;
				DYLIB_CURRENT_VERSION = 1;
				ENABLE_PREVIEWS = YES;
				GENERATE_INFOPLIST_FILE = YES;
				INFOPLIST_FILE = "";
				INFOPLIST_KEY_CFBundleDisplayName = TripCraft;
				INFOPLIST_KEY_LSApplicationCategoryType = "public.app-category.travel";
				INFOPLIST_KEY_NSCameraUsageDescription = "TripCraft needs access to your camera to take photos for your journal entries";
				INFOPLIST_KEY_NSLocationWhenInUseUsageDescription = "TripCraft needs your location to tag your journal entries";
				INFOPLIST_KEY_NSMicrophoneUsageDescription = "TripCraft needs access to your microphone to record your voice for translation.";
				INFOPLIST_KEY_NSPhotoLibraryUsageDescription = "TripCraft needs access to your photos to add them to your journal entries";
				INFOPLIST_KEY_NSSpeechRecognitionUsageDescription = "TripCraft needs access to speech recognition to translate your spoken words into different languages.";
				INFOPLIST_KEY_UIApplicationSceneManifest_Generation = YES;
				INFOPLIST_KEY_UIApplicationSupportsIndirectInputEvents = YES;
				INFOPLIST_KEY_UILaunchScreen_Generation = YES;
				INFOPLIST_KEY_UISupportedInterfaceOrientations = UIInterfaceOrientationPortrait;
				INFOPLIST_KEY_UISupportedInterfaceOrientations_iPad = "UIInterfaceOrientationPortraitUpsideDown UIInterfaceOrientationLandscapeLeft UIInterfaceOrientationLandscapeRight UIInterfaceOrientationPortrait";
				LD_RUNPATH_SEARCH_PATHS = (
					"$(inherited)",
					"@executable_path/Frameworks",
				);
				MARKETING_VERSION = 1.0;
				PRODUCT_BUNDLE_IDENTIFIER = com.siddharthsehgal.TripCraft;
				PRODUCT_NAME = "$(TARGET_NAME)";
				SUPPORTED_PLATFORMS = "iphoneos iphonesimulator";
				SUPPORTS_MACCATALYST = NO;
				SUPPORTS_MAC_DESIGNED_FOR_IPHONE_IPAD = NO;
				SUPPORTS_XR_DESIGNED_FOR_IPHONE_IPAD = NO;
				SWIFT_EMIT_LOC_STRINGS = YES;
				SWIFT_VERSION = 5.0;
				TARGETED_DEVICE_FAMILY = 1;
			};
			name = Release;
		};
		460701FB2D7630EA0012385A /* Debug */ = {
			isa = XCBuildConfiguration;
			buildSettings = {
				BUNDLE_LOADER = "$(TEST_HOST)";
				CODE_SIGN_STYLE = Automatic;
				CURRENT_PROJECT_VERSION = 1;
				DEVELOPMENT_TEAM = 2AS6K82NJ8;
				GENERATE_INFOPLIST_FILE = YES;
				IPHONEOS_DEPLOYMENT_TARGET = 18.2;
				MARKETING_VERSION = 1.0;
				PRODUCT_BUNDLE_IDENTIFIER = com.siddharthsehgal.TripCraftTests;
				PRODUCT_NAME = "$(TARGET_NAME)";
				SWIFT_EMIT_LOC_STRINGS = NO;
				SWIFT_VERSION = 5.0;
				TARGETED_DEVICE_FAMILY = "1,2";
				TEST_HOST = "$(BUILT_PRODUCTS_DIR)/TripCraft.app/$(BUNDLE_EXECUTABLE_FOLDER_PATH)/TripCraft";
			};
			name = Debug;
		};
		460701FC2D7630EA0012385A /* Release */ = {
			isa = XCBuildConfiguration;
			buildSettings = {
				BUNDLE_LOADER = "$(TEST_HOST)";
				CODE_SIGN_STYLE = Automatic;
				CURRENT_PROJECT_VERSION = 1;
				DEVELOPMENT_TEAM = 2AS6K82NJ8;
				GENERATE_INFOPLIST_FILE = YES;
				IPHONEOS_DEPLOYMENT_TARGET = 18.2;
				MARKETING_VERSION = 1.0;
				PRODUCT_BUNDLE_IDENTIFIER = com.siddharthsehgal.TripCraftTests;
				PRODUCT_NAME = "$(TARGET_NAME)";
				SWIFT_EMIT_LOC_STRINGS = NO;
				SWIFT_VERSION = 5.0;
				TARGETED_DEVICE_FAMILY = "1,2";
				TEST_HOST = "$(BUILT_PRODUCTS_DIR)/TripCraft.app/$(BUNDLE_EXECUTABLE_FOLDER_PATH)/TripCraft";
			};
			name = Release;
		};
		460701FE2D7630EA0012385A /* Debug */ = {
			isa = XCBuildConfiguration;
			buildSettings = {
				CODE_SIGN_STYLE = Automatic;
				CURRENT_PROJECT_VERSION = 1;
				DEVELOPMENT_TEAM = 2AS6K82NJ8;
				GENERATE_INFOPLIST_FILE = YES;
				MARKETING_VERSION = 1.0;
				PRODUCT_BUNDLE_IDENTIFIER = com.siddharthsehgal.TripCraftUITests;
				PRODUCT_NAME = "$(TARGET_NAME)";
				SWIFT_EMIT_LOC_STRINGS = NO;
				SWIFT_VERSION = 5.0;
				TARGETED_DEVICE_FAMILY = "1,2";
				TEST_TARGET_NAME = TripCraft;
			};
			name = Debug;
		};
		460701FF2D7630EA0012385A /* Release */ = {
			isa = XCBuildConfiguration;
			buildSettings = {
				CODE_SIGN_STYLE = Automatic;
				CURRENT_PROJECT_VERSION = 1;
				DEVELOPMENT_TEAM = 2AS6K82NJ8;
				GENERATE_INFOPLIST_FILE = YES;
				MARKETING_VERSION = 1.0;
				PRODUCT_BUNDLE_IDENTIFIER = com.siddharthsehgal.TripCraftUITests;
				PRODUCT_NAME = "$(TARGET_NAME)";
				SWIFT_EMIT_LOC_STRINGS = NO;
				SWIFT_VERSION = 5.0;
				TARGETED_DEVICE_FAMILY = "1,2";
				TEST_TARGET_NAME = TripCraft;
			};
			name = Release;
		};
/* End XCBuildConfiguration section */

/* Begin XCConfigurationList section */
		460701CE2D7630E60012385A /* Build configuration list for PBXProject "TripCraft" */ = {
			isa = XCConfigurationList;
			buildConfigurations = (
				460701F52D7630EA0012385A /* Debug */,
				460701F62D7630EA0012385A /* Release */,
			);
			defaultConfigurationIsVisible = 0;
			defaultConfigurationName = Release;
		};
		460701F72D7630EA0012385A /* Build configuration list for PBXNativeTarget "TripCraft" */ = {
			isa = XCConfigurationList;
			buildConfigurations = (
				460701F82D7630EA0012385A /* Debug */,
				460701F92D7630EA0012385A /* Release */,
			);
			defaultConfigurationIsVisible = 0;
			defaultConfigurationName = Release;
		};
		460701FA2D7630EA0012385A /* Build configuration list for PBXNativeTarget "TripCraftTests" */ = {
			isa = XCConfigurationList;
			buildConfigurations = (
				460701FB2D7630EA0012385A /* Debug */,
				460701FC2D7630EA0012385A /* Release */,
			);
			defaultConfigurationIsVisible = 0;
			defaultConfigurationName = Release;
		};
		460701FD2D7630EA0012385A /* Build configuration list for PBXNativeTarget "TripCraftUITests" */ = {
			isa = XCConfigurationList;
			buildConfigurations = (
				460701FE2D7630EA0012385A /* Debug */,
				460701FF2D7630EA0012385A /* Release */,
			);
			defaultConfigurationIsVisible = 0;
			defaultConfigurationName = Release;
		};
/* End XCConfigurationList section */
	};
	rootObject = 460701CB2D7630E60012385A /* Project object */;
}
